// !$*UTF8*$!
{
	archiveVersion = 1;
	classes = {
	};
	objectVersion = 56;
	objects = {

/* Begin PBXBuildFile section */
		A93DE26D2BADF68B007777DE /* Astronaut.swift in Sources */ = {isa = PBXBuildFile; fileRef = A93DE26C2BADF68B007777DE /* Astronaut.swift */; };
		A93DE26F2BADFD67007777DE /* Bundle-Decodable.swift in Sources */ = {isa = PBXBuildFile; fileRef = A93DE26E2BADFD67007777DE /* Bundle-Decodable.swift */; };
		A93DE2712BAE0363007777DE /* Mission.swift in Sources */ = {isa = PBXBuildFile; fileRef = A93DE2702BAE0363007777DE /* Mission.swift */; };
		A93DE2732BAE1958007777DE /* Color-Theme.swift in Sources */ = {isa = PBXBuildFile; fileRef = A93DE2722BAE1958007777DE /* Color-Theme.swift */; };
		A93DE2752BAE1FA5007777DE /* MissionView.swift in Sources */ = {isa = PBXBuildFile; fileRef = A93DE2742BAE1FA5007777DE /* MissionView.swift */; };
		A93DE2772BAE30E4007777DE /* AstronautView.swift in Sources */ = {isa = PBXBuildFile; fileRef = A93DE2762BAE30E4007777DE /* AstronautView.swift */; };
		A9530ADF2BA8CBC500ACB91A /* MoonshotApp.swift in Sources */ = {isa = PBXBuildFile; fileRef = A9530ADE2BA8CBC500ACB91A /* MoonshotApp.swift */; };
		A9530AE12BA8CBC500ACB91A /* ContentView.swift in Sources */ = {isa = PBXBuildFile; fileRef = A9530AE02BA8CBC500ACB91A /* ContentView.swift */; };
		A9530AE32BA8CBC700ACB91A /* Assets.xcassets in Resources */ = {isa = PBXBuildFile; fileRef = A9530AE22BA8CBC700ACB91A /* Assets.xcassets */; };
		A9530AE62BA8CBC700ACB91A /* Preview Assets.xcassets in Resources */ = {isa = PBXBuildFile; fileRef = A9530AE52BA8CBC700ACB91A /* Preview Assets.xcassets */; };
		A9530AF42BAB603E00ACB91A /* astronauts.json in Resources */ = {isa = PBXBuildFile; fileRef = A9530AF22BAB603D00ACB91A /* astronauts.json */; };
		A9530AF52BAB603E00ACB91A /* missions.json in Resources */ = {isa = PBXBuildFile; fileRef = A9530AF32BAB603D00ACB91A /* missions.json */; };
/* End PBXBuildFile section */

/* Begin PBXFileReference section */
		A93DE26C2BADF68B007777DE /* Astronaut.swift */ = {isa = PBXFileReference; lastKnownFileType = sourcecode.swift; path = Astronaut.swift; sourceTree = "<group>"; };
		A93DE26E2BADFD67007777DE /* Bundle-Decodable.swift */ = {isa = PBXFileReference; lastKnownFileType = sourcecode.swift; path = "Bundle-Decodable.swift"; sourceTree = "<group>"; };
		A93DE2702BAE0363007777DE /* Mission.swift */ = {isa = PBXFileReference; lastKnownFileType = sourcecode.swift; path = Mission.swift; sourceTree = "<group>"; };
		A93DE2722BAE1958007777DE /* Color-Theme.swift */ = {isa = PBXFileReference; lastKnownFileType = sourcecode.swift; path = "Color-Theme.swift"; sourceTree = "<group>"; };
		A93DE2742BAE1FA5007777DE /* MissionView.swift */ = {isa = PBXFileReference; lastKnownFileType = sourcecode.swift; path = MissionView.swift; sourceTree = "<group>"; };
		A93DE2762BAE30E4007777DE /* AstronautView.swift */ = {isa = PBXFileReference; lastKnownFileType = sourcecode.swift; path = AstronautView.swift; sourceTree = "<group>"; };
		A9530ADB2BA8CBC500ACB91A /* Moonshot.app */ = {isa = PBXFileReference; explicitFileType = wrapper.application; includeInIndex = 0; path = Moonshot.app; sourceTree = BUILT_PRODUCTS_DIR; };
		A9530ADE2BA8CBC500ACB91A /* MoonshotApp.swift */ = {isa = PBXFileReference; lastKnownFileType = sourcecode.swift; path = MoonshotApp.swift; sourceTree = "<group>"; };
		A9530AE02BA8CBC500ACB91A /* ContentView.swift */ = {isa = PBXFileReference; lastKnownFileType = sourcecode.swift; path = ContentView.swift; sourceTree = "<group>"; };
		A9530AE22BA8CBC700ACB91A /* Assets.xcassets */ = {isa = PBXFileReference; lastKnownFileType = folder.assetcatalog; path = Assets.xcassets; sourceTree = "<group>"; };
		A9530AE52BA8CBC700ACB91A /* Preview Assets.xcassets */ = {isa = PBXFileReference; lastKnownFileType = folder.assetcatalog; path = "Preview Assets.xcassets"; sourceTree = "<group>"; };
		A9530AF22BAB603D00ACB91A /* astronauts.json */ = {isa = PBXFileReference; fileEncoding = 4; lastKnownFileType = text.json; path = astronauts.json; sourceTree = "<group>"; };
		A9530AF32BAB603D00ACB91A /* missions.json */ = {isa = PBXFileReference; fileEncoding = 4; lastKnownFileType = text.json; path = missions.json; sourceTree = "<group>"; };
/* End PBXFileReference section */

/* Begin PBXFrameworksBuildPhase section */
		A9530AD82BA8CBC500ACB91A /* Frameworks */ = {
			isa = PBXFrameworksBuildPhase;
			buildActionMask = 2147483647;
			files = (
			);
			runOnlyForDeploymentPostprocessing = 0;
		};
/* End PBXFrameworksBuildPhase section */

/* Begin PBXGroup section */
		A9530AD22BA8CBC500ACB91A = {
			isa = PBXGroup;
			children = (
				A9530ADD2BA8CBC500ACB91A /* Moonshot */,
				A9530ADC2BA8CBC500ACB91A /* Products */,
			);
			sourceTree = "<group>";
		};
		A9530ADC2BA8CBC500ACB91A /* Products */ = {
			isa = PBXGroup;
			children = (
				A9530ADB2BA8CBC500ACB91A /* Moonshot.app */,
			);
			name = Products;
			sourceTree = "<group>";
		};
		A9530ADD2BA8CBC500ACB91A /* Moonshot */ = {
			isa = PBXGroup;
			children = (
				A9530ADE2BA8CBC500ACB91A /* MoonshotApp.swift */,
				A9530AF22BAB603D00ACB91A /* astronauts.json */,
				A9530AF32BAB603D00ACB91A /* missions.json */,
				A9530AE02BA8CBC500ACB91A /* ContentView.swift */,
				A93DE2742BAE1FA5007777DE /* MissionView.swift */,
				A93DE2762BAE30E4007777DE /* AstronautView.swift */,
				A93DE2722BAE1958007777DE /* Color-Theme.swift */,
				A93DE2702BAE0363007777DE /* Mission.swift */,
				A93DE26C2BADF68B007777DE /* Astronaut.swift */,
				A93DE26E2BADFD67007777DE /* Bundle-Decodable.swift */,
				A9530AE22BA8CBC700ACB91A /* Assets.xcassets */,
				A9530AE42BA8CBC700ACB91A /* Preview Content */,
			);
			path = Moonshot;
			sourceTree = "<group>";
		};
		A9530AE42BA8CBC700ACB91A /* Preview Content */ = {
			isa = PBXGroup;
			children = (
				A9530AE52BA8CBC700ACB91A /* Preview Assets.xcassets */,
			);
			path = "Preview Content";
			sourceTree = "<group>";
		};
/* End PBXGroup section */

/* Begin PBXNativeTarget section */
		A9530ADA2BA8CBC500ACB91A /* Moonshot */ = {
			isa = PBXNativeTarget;
			buildConfigurationList = A9530AE92BA8CBC700ACB91A /* Build configuration list for PBXNativeTarget "Moonshot" */;
			buildPhases = (
				A9530AD72BA8CBC500ACB91A /* Sources */,
				A9530AD82BA8CBC500ACB91A /* Frameworks */,
				A9530AD92BA8CBC500ACB91A /* Resources */,
			);
			buildRules = (
			);
			dependencies = (
			);
			name = Moonshot;
			productName = Moonshot;
			productReference = A9530ADB2BA8CBC500ACB91A /* Moonshot.app */;
			productType = "com.apple.product-type.application";
		};
/* End PBXNativeTarget section */

/* Begin PBXProject section */
		A9530AD32BA8CBC500ACB91A /* Project object */ = {
			isa = PBXProject;
			attributes = {
				BuildIndependentTargetsInParallel = 1;
				LastSwiftUpdateCheck = 1530;
				LastUpgradeCheck = 1530;
				TargetAttributes = {
					A9530ADA2BA8CBC500ACB91A = {
						CreatedOnToolsVersion = 15.3;
					};
				};
			};
			buildConfigurationList = A9530AD62BA8CBC500ACB91A /* Build configuration list for PBXProject "Moonshot" */;
			compatibilityVersion = "Xcode 14.0";
			developmentRegion = en;
			hasScannedForEncodings = 0;
			knownRegions = (
				en,
				Base,
			);
			mainGroup = A9530AD22BA8CBC500ACB91A;
			productRefGroup = A9530ADC2BA8CBC500ACB91A /* Products */;
			projectDirPath = "";
			projectRoot = "";
			targets = (
				A9530ADA2BA8CBC500ACB91A /* Moonshot */,
			);
		};
/* End PBXProject section */

/* Begin PBXResourcesBuildPhase section */
		A9530AD92BA8CBC500ACB91A /* Resources */ = {
			isa = PBXResourcesBuildPhase;
			buildActionMask = 2147483647;
			files = (
				A9530AF42BAB603E00ACB91A /* astronauts.json in Resources */,
				A9530AE62BA8CBC700ACB91A /* Preview Assets.xcassets in Resources */,
				A9530AF52BAB603E00ACB91A /* missions.json in Resources */,
				A9530AE32BA8CBC700ACB91A /* Assets.xcassets in Resources */,
			);
			runOnlyForDeploymentPostprocessing = 0;
		};
/* End PBXResourcesBuildPhase section */

/* Begin PBXSourcesBuildPhase section */
		A9530AD72BA8CBC500ACB91A /* Sources */ = {
			isa = PBXSourcesBuildPhase;
			buildActionMask = 2147483647;
			files = (
				A93DE2752BAE1FA5007777DE /* MissionView.swift in Sources */,
				A93DE26D2BADF68B007777DE /* Astronaut.swift in Sources */,
				A93DE2772BAE30E4007777DE /* AstronautView.swift in Sources */,
				A93DE2732BAE1958007777DE /* Color-Theme.swift in Sources */,
				A9530AE12BA8CBC500ACB91A /* ContentView.swift in Sources */,
				A9530ADF2BA8CBC500ACB91A /* MoonshotApp.swift in Sources */,
				A93DE2712BAE0363007777DE /* Mission.swift in Sources */,
				A93DE26F2BADFD67007777DE /* Bundle-Decodable.swift in Sources */,
			);
			runOnlyForDeploymentPostprocessing = 0;
		};
/* End PBXSourcesBuildPhase section */

/* Begin XCBuildConfiguration section */
		A9530AE72BA8CBC700ACB91A /* Debug */ = {
			isa = XCBuildConfiguration;
			buildSettings = {
				ALWAYS_SEARCH_USER_PATHS = NO;
				ASSETCATALOG_COMPILER_GENERATE_SWIFT_ASSET_SYMBOL_EXTENSIONS = YES;
				CLANG_ANALYZER_NONNULL = YES;
				CLANG_ANALYZER_NUMBER_OBJECT_CONVERSION = YES_AGGRESSIVE;
				CLANG_CXX_LANGUAGE_STANDARD = "gnu++20";
				CLANG_ENABLE_MODULES = YES;
				CLANG_ENABLE_OBJC_ARC = YES;
				CLANG_ENABLE_OBJC_WEAK = YES;
				CLANG_WARN_BLOCK_CAPTURE_AUTORELEASING = YES;
				CLANG_WARN_BOOL_CONVERSION = YES;
				CLANG_WARN_COMMA = YES;
				CLANG_WARN_CONSTANT_CONVERSION = YES;
				CLANG_WARN_DEPRECATED_OBJC_IMPLEMENTATIONS = YES;
				CLANG_WARN_DIRECT_OBJC_ISA_USAGE = YES_ERROR;
				CLANG_WARN_DOCUMENTATION_COMMENTS = YES;
				CLANG_WARN_EMPTY_BODY = YES;
				CLANG_WARN_ENUM_CONVERSION = YES;
				CLANG_WARN_INFINITE_RECURSION = YES;
				CLANG_WARN_INT_CONVERSION = YES;
				CLANG_WARN_NON_LITERAL_NULL_CONVERSION = YES;
				CLANG_WARN_OBJC_IMPLICIT_RETAIN_SELF = YES;
				CLANG_WARN_OBJC_LITERAL_CONVERSION = YES;
				CLANG_WARN_OBJC_ROOT_CLASS = YES_ERROR;
				CLANG_WARN_QUOTED_INCLUDE_IN_FRAMEWORK_HEADER = YES;
				CLANG_WARN_RANGE_LOOP_ANALYSIS = YES;
				CLANG_WARN_STRICT_PROTOTYPES = YES;
				CLANG_WARN_SUSPICIOUS_MOVE = YES;
				CLANG_WARN_UNGUARDED_AVAILABILITY = YES_AGGRESSIVE;
				CLANG_WARN_UNREACHABLE_CODE = YES;
				CLANG_WARN__DUPLICATE_METHOD_MATCH = YES;
				COPY_PHASE_STRIP = NO;
				DEBUG_INFORMATION_FORMAT = dwarf;
				ENABLE_STRICT_OBJC_MSGSEND = YES;
				ENABLE_TESTABILITY = YES;
				ENABLE_USER_SCRIPT_SANDBOXING = YES;
				GCC_C_LANGUAGE_STANDARD = gnu17;
				GCC_DYNAMIC_NO_PIC = NO;
				GCC_NO_COMMON_BLOCKS = YES;
				GCC_OPTIMIZATION_LEVEL = 0;
				GCC_PREPROCESSOR_DEFINITIONS = (
					"DEBUG=1",
					"$(inherited)",
				);
				GCC_WARN_64_TO_32_BIT_CONVERSION = YES;
				GCC_WARN_ABOUT_RETURN_TYPE = YES_ERROR;
				GCC_WARN_UNDECLARED_SELECTOR = YES;
				GCC_WARN_UNINITIALIZED_AUTOS = YES_AGGRESSIVE;
				GCC_WARN_UNUSED_FUNCTION = YES;
				GCC_WARN_UNUSED_VARIABLE = YES;
				IPHONEOS_DEPLOYMENT_TARGET = 17.4;
				LOCALIZATION_PREFERS_STRING_CATALOGS = YES;
				MTL_ENABLE_DEBUG_INFO = INCLUDE_SOURCE;
				MTL_FAST_MATH = YES;
				ONLY_ACTIVE_ARCH = YES;
				SDKROOT = iphoneos;
				SWIFT_ACTIVE_COMPILATION_CONDITIONS = "DEBUG $(inherited)";
				SWIFT_OPTIMIZATION_LEVEL = "-Onone";
			};
			name = Debug;
		};
		A9530AE82BA8CBC700ACB91A /* Release */ = {
			isa = XCBuildConfiguration;
			buildSettings = {
				ALWAYS_SEARCH_USER_PATHS = NO;
				ASSETCATALOG_COMPILER_GENERATE_SWIFT_ASSET_SYMBOL_EXTENSIONS = YES;
				CLANG_ANALYZER_NONNULL = YES;
				CLANG_ANALYZER_NUMBER_OBJECT_CONVERSION = YES_AGGRESSIVE;
				CLANG_CXX_LANGUAGE_STANDARD = "gnu++20";
				CLANG_ENABLE_MODULES = YES;
				CLANG_ENABLE_OBJC_ARC = YES;
				CLANG_ENABLE_OBJC_WEAK = YES;
				CLANG_WARN_BLOCK_CAPTURE_AUTORELEASING = YES;
				CLANG_WARN_BOOL_CONVERSION = YES;
				CLANG_WARN_COMMA = YES;
				CLANG_WARN_CONSTANT_CONVERSION = YES;
				CLANG_WARN_DEPRECATED_OBJC_IMPLEMENTATIONS = YES;
				CLANG_WARN_DIRECT_OBJC_ISA_USAGE = YES_ERROR;
				CLANG_WARN_DOCUMENTATION_COMMENTS = YES;
				CLANG_WARN_EMPTY_BODY = YES;
				CLANG_WARN_ENUM_CONVERSION = YES;
				CLANG_WARN_INFINITE_RECURSION = YES;
				CLANG_WARN_INT_CONVERSION = YES;
				CLANG_WARN_NON_LITERAL_NULL_CONVERSION = YES;
				CLANG_WARN_OBJC_IMPLICIT_RETAIN_SELF = YES;
				CLANG_WARN_OBJC_LITERAL_CONVERSION = YES;
				CLANG_WARN_OBJC_ROOT_CLASS = YES_ERROR;
				CLANG_WARN_QUOTED_INCLUDE_IN_FRAMEWORK_HEADER = YES;
				CLANG_WARN_RANGE_LOOP_ANALYSIS = YES;
				CLANG_WARN_STRICT_PROTOTYPES = YES;
				CLANG_WARN_SUSPICIOUS_MOVE = YES;
				CLANG_WARN_UNGUARDED_AVAILABILITY = YES_AGGRESSIVE;
				CLANG_WARN_UNREACHABLE_CODE = YES;
				CLANG_WARN__DUPLICATE_METHOD_MATCH = YES;
				COPY_PHASE_STRIP = NO;
				DEBUG_INFORMATION_FORMAT = "dwarf-with-dsym";
				ENABLE_NS_ASSERTIONS = NO;
				ENABLE_STRICT_OBJC_MSGSEND = YES;
				ENABLE_USER_SCRIPT_SANDBOXING = YES;
				GCC_C_LANGUAGE_STANDARD = gnu17;
				GCC_NO_COMMON_BLOCKS = YES;
				GCC_WARN_64_TO_32_BIT_CONVERSION = YES;
				GCC_WARN_ABOUT_RETURN_TYPE = YES_ERROR;
				GCC_WARN_UNDECLARED_SELECTOR = YES;
				GCC_WARN_UNINITIALIZED_AUTOS = YES_AGGRESSIVE;
				GCC_WARN_UNUSED_FUNCTION = YES;
				GCC_WARN_UNUSED_VARIABLE = YES;
				IPHONEOS_DEPLOYMENT_TARGET = 17.4;
				LOCALIZATION_PREFERS_STRING_CATALOGS = YES;
				MTL_ENABLE_DEBUG_INFO = NO;
				MTL_FAST_MATH = YES;
				SDKROOT = iphoneos;
				SWIFT_COMPILATION_MODE = wholemodule;
				VALIDATE_PRODUCT = YES;
			};
			name = Release;
		};
		A9530AEA2BA8CBC700ACB91A /* Debug */ = {
			isa = XCBuildConfiguration;
			buildSettings = {
				ASSETCATALOG_COMPILER_APPICON_NAME = AppIcon;
				ASSETCATALOG_COMPILER_GLOBAL_ACCENT_COLOR_NAME = AccentColor;
				CODE_SIGN_STYLE = Automatic;
				CURRENT_PROJECT_VERSION = 1;
				DEVELOPMENT_ASSET_PATHS = "\"Moonshot/Preview Content\"";
				ENABLE_PREVIEWS = YES;
				GENERATE_INFOPLIST_FILE = YES;
				INFOPLIST_KEY_UIApplicationSceneManifest_Generation = YES;
				INFOPLIST_KEY_UIApplicationSupportsIndirectInputEvents = YES;
				INFOPLIST_KEY_UILaunchScreen_Generation = YES;
				INFOPLIST_KEY_UISupportedInterfaceOrientations_iPad = "UIInterfaceOrientationPortrait UIInterfaceOrientationPortraitUpsideDown UIInterfaceOrientationLandscapeLeft UIInterfaceOrientationLandscapeRight";
				INFOPLIST_KEY_UISupportedInterfaceOrientations_iPhone = "UIInterfaceOrientationPortrait UIInterfaceOrientationLandscapeLeft UIInterfaceOrientationLandscapeRight";
				LD_RUNPATH_SEARCH_PATHS = (
					"$(inherited)",
					"@executable_path/Frameworks",
				);
				MARKETING_VERSION = 1.0;
				PRODUCT_BUNDLE_IDENTIFIER = me.Kimble.Trevor.Moonshot;
				PRODUCT_NAME = "$(TARGET_NAME)";
				SWIFT_EMIT_LOC_STRINGS = YES;
				SWIFT_VERSION = 5.0;
				TARGETED_DEVICE_FAMILY = "1,2";
			};
			name = Debug;
		};
		A9530AEB2BA8CBC700ACB91A /* Release */ = {
			isa = XCBuildConfiguration;
			buildSettings = {
				ASSETCATALOG_COMPILER_APPICON_NAME = AppIcon;
				ASSETCATALOG_COMPILER_GLOBAL_ACCENT_COLOR_NAME = AccentColor;
				CODE_SIGN_STYLE = Automatic;
				CURRENT_PROJECT_VERSION = 1;
				DEVELOPMENT_ASSET_PATHS = "\"Moonshot/Preview Content\"";
				ENABLE_PREVIEWS = YES;
				GENERATE_INFOPLIST_FILE = YES;
				INFOPLIST_KEY_UIApplicationSceneManifest_Generation = YES;
				INFOPLIST_KEY_UIApplicationSupportsIndirectInputEvents = YES;
				INFOPLIST_KEY_UILaunchScreen_Generation = YES;
				INFOPLIST_KEY_UISupportedInterfaceOrientations_iPad = "UIInterfaceOrientationPortrait UIInterfaceOrientationPortraitUpsideDown UIInterfaceOrientationLandscapeLeft UIInterfaceOrientationLandscapeRight";
				INFOPLIST_KEY_UISupportedInterfaceOrientations_iPhone = "UIInterfaceOrientationPortrait UIInterfaceOrientationLandscapeLeft UIInterfaceOrientationLandscapeRight";
				LD_RUNPATH_SEARCH_PATHS = (
					"$(inherited)",
					"@executable_path/Frameworks",
				);
				MARKETING_VERSION = 1.0;
				PRODUCT_BUNDLE_IDENTIFIER = me.Kimble.Trevor.Moonshot;
				PRODUCT_NAME = "$(TARGET_NAME)";
				SWIFT_EMIT_LOC_STRINGS = YES;
				SWIFT_VERSION = 5.0;
				TARGETED_DEVICE_FAMILY = "1,2";
			};
			name = Release;
		};
/* End XCBuildConfiguration section */

/* Begin XCConfigurationList section */
		A9530AD62BA8CBC500ACB91A /* Build configuration list for PBXProject "Moonshot" */ = {
			isa = XCConfigurationList;
			buildConfigurations = (
				A9530AE72BA8CBC700ACB91A /* Debug */,
				A9530AE82BA8CBC700ACB91A /* Release */,
			);
			defaultConfigurationIsVisible = 0;
			defaultConfigurationName = Release;
		};
		A9530AE92BA8CBC700ACB91A /* Build configuration list for PBXNativeTarget "Moonshot" */ = {
			isa = XCConfigurationList;
			buildConfigurations = (
				A9530AEA2BA8CBC700ACB91A /* Debug */,
				A9530AEB2BA8CBC700ACB91A /* Release */,
			);
			defaultConfigurationIsVisible = 0;
			defaultConfigurationName = Release;
		};
/* End XCConfigurationList section */
	};
	rootObject = A9530AD32BA8CBC500ACB91A /* Project object */;
}
